
Microsoft Visual Studio Solution File, Format Version 12.00
# Visual Studio Version 17
VisualStudioVersion = 17.11.35222.181
MinimumVisualStudioVersion = 10.0.40219.1
Project("{9A19103F-16F7-4668-BE54-9A1E7A4F7556}") = "cs31_1", "hh\cs31_1.csproj", "{81CC3D6D-B6DC-4B78-A4A8-ECFB140002A5}"
EndProject
Global
	GlobalSection(SolutionConfigurationPlatforms) = preSolution
		Debug|Any CPU = Debug|Any CPU
		Release|Any CPU = Release|Any CPU
	EndGlobalSection
	GlobalSection(ProjectConfigurationPlatforms) = postSolution
		{81CC3D6D-B6DC-4B78-A4A8-ECFB140002A5}.Debug|Any CPU.ActiveCfg = Debug|Any CPU
		{81CC3D6D-B6DC-4B78-A4A8-ECFB140002A5}.Debug|Any CPU.Build.0 = Debug|Any CPU
		{81CC3D6D-B6DC-4B78-A4A8-ECFB140002A5}.Release|Any CPU.ActiveCfg = Release|Any CPU
		{81CC3D6D-B6DC-4B78-A4A8-ECFB140002A5}.Release|Any CPU.Build.0 = Release|Any CPU
	EndGlobalSection
	GlobalSection(SolutionProperties) = preSolution
		HideSolutionNode = FALSE
	EndGlobalSection
	GlobalSection(ExtensibilityGlobals) = postSolution
		SolutionGuid = {42601B86-D970-4578-BDF4-A9AAF6E9BC5B}
	EndGlobalSection
EndGlobal
